// !$*UTF8*$!
{
	archiveVersion = 1;
	classes = {
	};
	objectVersion = 50;
	objects = {

/* Begin PBXBuildFile section */
		4071797824433DD9002D9AB9 /* AppDelegate.swift in Sources */ = {isa = PBXBuildFile; fileRef = 4071797724433DD9002D9AB9 /* AppDelegate.swift */; };
		4071797A24433DD9002D9AB9 /* SceneDelegate.swift in Sources */ = {isa = PBXBuildFile; fileRef = 4071797924433DD9002D9AB9 /* SceneDelegate.swift */; };
		4071797C24433DD9002D9AB9 /* ViewController.swift in Sources */ = {isa = PBXBuildFile; fileRef = 4071797B24433DD9002D9AB9 /* ViewController.swift */; };
		4071797F24433DD9002D9AB9 /* Main.storyboard in Resources */ = {isa = PBXBuildFile; fileRef = 4071797D24433DD9002D9AB9 /* Main.storyboard */; };
		4071798124433DDE002D9AB9 /* Assets.xcassets in Resources */ = {isa = PBXBuildFile; fileRef = 4071798024433DDE002D9AB9 /* Assets.xcassets */; };
		4071798424433DDE002D9AB9 /* LaunchScreen.storyboard in Resources */ = {isa = PBXBuildFile; fileRef = 4071798224433DDE002D9AB9 /* LaunchScreen.storyboard */; };
		4071798F24433DDE002D9AB9 /* popView2Tests.swift in Sources */ = {isa = PBXBuildFile; fileRef = 4071798E24433DDE002D9AB9 /* popView2Tests.swift */; };
		4071799A24433DDE002D9AB9 /* popView2UITests.swift in Sources */ = {isa = PBXBuildFile; fileRef = 4071799924433DDE002D9AB9 /* popView2UITests.swift */; };
/* End PBXBuildFile section */

/* Begin PBXContainerItemProxy section */
		4071798B24433DDE002D9AB9 /* PBXContainerItemProxy */ = {
			isa = PBXContainerItemProxy;
			containerPortal = 4071796C24433DD9002D9AB9 /* Project object */;
			proxyType = 1;
			remoteGlobalIDString = 4071797324433DD9002D9AB9;
			remoteInfo = popView2;
		};
		4071799624433DDE002D9AB9 /* PBXContainerItemProxy */ = {
			isa = PBXContainerItemProxy;
			containerPortal = 4071796C24433DD9002D9AB9 /* Project object */;
			proxyType = 1;
			remoteGlobalIDString = 4071797324433DD9002D9AB9;
			remoteInfo = popView2;
		};
/* End PBXContainerItemProxy section */

/* Begin PBXFileReference section */
		4071797424433DD9002D9AB9 /* popView2.app */ = {isa = PBXFileReference; explicitFileType = wrapper.application; includeInIndex = 0; path = popView2.app; sourceTree = BUILT_PRODUCTS_DIR; };
		4071797724433DD9002D9AB9 /* AppDelegate.swift */ = {isa = PBXFileReference; lastKnownFileType = sourcecode.swift; path = AppDelegate.swift; sourceTree = "<group>"; };
		4071797924433DD9002D9AB9 /* SceneDelegate.swift */ = {isa = PBXFileReference; lastKnownFileType = sourcecode.swift; path = SceneDelegate.swift; sourceTree = "<group>"; };
		4071797B24433DD9002D9AB9 /* ViewController.swift */ = {isa = PBXFileReference; lastKnownFileType = sourcecode.swift; path = ViewController.swift; sourceTree = "<group>"; };
		4071797E24433DD9002D9AB9 /* Base */ = {isa = PBXFileReference; lastKnownFileType = file.storyboard; name = Base; path = Base.lproj/Main.storyboard; sourceTree = "<group>"; };
		4071798024433DDE002D9AB9 /* Assets.xcassets */ = {isa = PBXFileReference; lastKnownFileType = folder.assetcatalog; path = Assets.xcassets; sourceTree = "<group>"; };
		4071798324433DDE002D9AB9 /* Base */ = {isa = PBXFileReference; lastKnownFileType = file.storyboard; name = Base; path = Base.lproj/LaunchScreen.storyboard; sourceTree = "<group>"; };
		4071798524433DDE002D9AB9 /* Info.plist */ = {isa = PBXFileReference; lastKnownFileType = text.plist.xml; path = Info.plist; sourceTree = "<group>"; };
		4071798A24433DDE002D9AB9 /* popView2Tests.xctest */ = {isa = PBXFileReference; explicitFileType = wrapper.cfbundle; includeInIndex = 0; path = popView2Tests.xctest; sourceTree = BUILT_PRODUCTS_DIR; };
		4071798E24433DDE002D9AB9 /* popView2Tests.swift */ = {isa = PBXFileReference; lastKnownFileType = sourcecode.swift; path = popView2Tests.swift; sourceTree = "<group>"; };
		4071799024433DDE002D9AB9 /* Info.plist */ = {isa = PBXFileReference; lastKnownFileType = text.plist.xml; path = Info.plist; sourceTree = "<group>"; };
		4071799524433DDE002D9AB9 /* popView2UITests.xctest */ = {isa = PBXFileReference; explicitFileType = wrapper.cfbundle; includeInIndex = 0; path = popView2UITests.xctest; sourceTree = BUILT_PRODUCTS_DIR; };
		4071799924433DDE002D9AB9 /* popView2UITests.swift */ = {isa = PBXFileReference; lastKnownFileType = sourcecode.swift; path = popView2UITests.swift; sourceTree = "<group>"; };
		4071799B24433DDE002D9AB9 /* Info.plist */ = {isa = PBXFileReference; lastKnownFileType = text.plist.xml; path = Info.plist; sourceTree = "<group>"; };
/* End PBXFileReference section */

/* Begin PBXFrameworksBuildPhase section */
		4071797124433DD9002D9AB9 /* Frameworks */ = {
			isa = PBXFrameworksBuildPhase;
			buildActionMask = 2147483647;
			files = (
			);
			runOnlyForDeploymentPostprocessing = 0;
		};
		4071798724433DDE002D9AB9 /* Frameworks */ = {
			isa = PBXFrameworksBuildPhase;
			buildActionMask = 2147483647;
			files = (
			);
			runOnlyForDeploymentPostprocessing = 0;
		};
		4071799224433DDE002D9AB9 /* Frameworks */ = {
			isa = PBXFrameworksBuildPhase;
			buildActionMask = 2147483647;
			files = (
			);
			runOnlyForDeploymentPostprocessing = 0;
		};
/* End PBXFrameworksBuildPhase section */

/* Begin PBXGroup section */
		4071796B24433DD9002D9AB9 = {
			isa = PBXGroup;
			children = (
				4071797624433DD9002D9AB9 /* popView2 */,
				4071798D24433DDE002D9AB9 /* popView2Tests */,
				4071799824433DDE002D9AB9 /* popView2UITests */,
				4071797524433DD9002D9AB9 /* Products */,
			);
			sourceTree = "<group>";
		};
		4071797524433DD9002D9AB9 /* Products */ = {
			isa = PBXGroup;
			children = (
				4071797424433DD9002D9AB9 /* popView2.app */,
				4071798A24433DDE002D9AB9 /* popView2Tests.xctest */,
				4071799524433DDE002D9AB9 /* popView2UITests.xctest */,
			);
			name = Products;
			sourceTree = "<group>";
		};
		4071797624433DD9002D9AB9 /* popView2 */ = {
			isa = PBXGroup;
			children = (
				4071797724433DD9002D9AB9 /* AppDelegate.swift */,
				4071797924433DD9002D9AB9 /* SceneDelegate.swift */,
				4071797B24433DD9002D9AB9 /* ViewController.swift */,
				4071797D24433DD9002D9AB9 /* Main.storyboard */,
				4071798024433DDE002D9AB9 /* Assets.xcassets */,
				4071798224433DDE002D9AB9 /* LaunchScreen.storyboard */,
				4071798524433DDE002D9AB9 /* Info.plist */,
			);
			path = popView2;
			sourceTree = "<group>";
		};
		4071798D24433DDE002D9AB9 /* popView2Tests */ = {
			isa = PBXGroup;
			children = (
				4071798E24433DDE002D9AB9 /* popView2Tests.swift */,
				4071799024433DDE002D9AB9 /* Info.plist */,
			);
			path = popView2Tests;
			sourceTree = "<group>";
		};
		4071799824433DDE002D9AB9 /* popView2UITests */ = {
			isa = PBXGroup;
			children = (
				4071799924433DDE002D9AB9 /* popView2UITests.swift */,
				4071799B24433DDE002D9AB9 /* Info.plist */,
			);
			path = popView2UITests;
			sourceTree = "<group>";
		};
/* End PBXGroup section */

/* Begin PBXNativeTarget section */
		4071797324433DD9002D9AB9 /* popView2 */ = {
			isa = PBXNativeTarget;
			buildConfigurationList = 4071799E24433DDE002D9AB9 /* Build configuration list for PBXNativeTarget "popView2" */;
			buildPhases = (
				4071797024433DD9002D9AB9 /* Sources */,
				4071797124433DD9002D9AB9 /* Frameworks */,
				4071797224433DD9002D9AB9 /* Resources */,
			);
			buildRules = (
			);
			dependencies = (
			);
			name = popView2;
			productName = popView2;
			productReference = 4071797424433DD9002D9AB9 /* popView2.app */;
			productType = "com.apple.product-type.application";
		};
		4071798924433DDE002D9AB9 /* popView2Tests */ = {
			isa = PBXNativeTarget;
			buildConfigurationList = 407179A124433DDE002D9AB9 /* Build configuration list for PBXNativeTarget "popView2Tests" */;
			buildPhases = (
				4071798624433DDE002D9AB9 /* Sources */,
				4071798724433DDE002D9AB9 /* Frameworks */,
				4071798824433DDE002D9AB9 /* Resources */,
			);
			buildRules = (
			);
			dependencies = (
				4071798C24433DDE002D9AB9 /* PBXTargetDependency */,
			);
			name = popView2Tests;
			productName = popView2Tests;
			productReference = 4071798A24433DDE002D9AB9 /* popView2Tests.xctest */;
			productType = "com.apple.product-type.bundle.unit-test";
		};
		4071799424433DDE002D9AB9 /* popView2UITests */ = {
			isa = PBXNativeTarget;
			buildConfigurationList = 407179A424433DDE002D9AB9 /* Build configuration list for PBXNativeTarget "popView2UITests" */;
			buildPhases = (
				4071799124433DDE002D9AB9 /* Sources */,
				4071799224433DDE002D9AB9 /* Frameworks */,
				4071799324433DDE002D9AB9 /* Resources */,
			);
			buildRules = (
			);
			dependencies = (
				4071799724433DDE002D9AB9 /* PBXTargetDependency */,
			);
			name = popView2UITests;
			productName = popView2UITests;
			productReference = 4071799524433DDE002D9AB9 /* popView2UITests.xctest */;
			productType = "com.apple.product-type.bundle.ui-testing";
		};
/* End PBXNativeTarget section */

/* Begin PBXProject section */
		4071796C24433DD9002D9AB9 /* Project object */ = {
			isa = PBXProject;
			attributes = {
				LastSwiftUpdateCheck = 1130;
				LastUpgradeCheck = 1130;
				ORGANIZATIONNAME = "王玲峰";
				TargetAttributes = {
					4071797324433DD9002D9AB9 = {
						CreatedOnToolsVersion = 11.3.1;
					};
					4071798924433DDE002D9AB9 = {
						CreatedOnToolsVersion = 11.3.1;
						TestTargetID = 4071797324433DD9002D9AB9;
					};
					4071799424433DDE002D9AB9 = {
						CreatedOnToolsVersion = 11.3.1;
						TestTargetID = 4071797324433DD9002D9AB9;
					};
				};
			};
			buildConfigurationList = 4071796F24433DD9002D9AB9 /* Build configuration list for PBXProject "popView2" */;
			compatibilityVersion = "Xcode 9.3";
			developmentRegion = en;
			hasScannedForEncodings = 0;
			knownRegions = (
				en,
				Base,
			);
			mainGroup = 4071796B24433DD9002D9AB9;
			productRefGroup = 4071797524433DD9002D9AB9 /* Products */;
			projectDirPath = "";
			projectRoot = "";
			targets = (
				4071797324433DD9002D9AB9 /* popView2 */,
				4071798924433DDE002D9AB9 /* popView2Tests */,
				4071799424433DDE002D9AB9 /* popView2UITests */,
			);
		};
/* End PBXProject section */

/* Begin PBXResourcesBuildPhase section */
		4071797224433DD9002D9AB9 /* Resources */ = {
			isa = PBXResourcesBuildPhase;
			buildActionMask = 2147483647;
			files = (
				4071798424433DDE002D9AB9 /* LaunchScreen.storyboard in Resources */,
				4071798124433DDE002D9AB9 /* Assets.xcassets in Resources */,
				4071797F24433DD9002D9AB9 /* Main.storyboard in Resources */,
			);
			runOnlyForDeploymentPostprocessing = 0;
		};
		4071798824433DDE002D9AB9 /* Resources */ = {
			isa = PBXResourcesBuildPhase;
			buildActionMask = 2147483647;
			files = (
			);
			runOnlyForDeploymentPostprocessing = 0;
		};
		4071799324433DDE002D9AB9 /* Resources */ = {
			isa = PBXResourcesBuildPhase;
			buildActionMask = 2147483647;
			files = (
			);
			runOnlyForDeploymentPostprocessing = 0;
		};
/* End PBXResourcesBuildPhase section */

/* Begin PBXSourcesBuildPhase section */
		4071797024433DD9002D9AB9 /* Sources */ = {
			isa = PBXSourcesBuildPhase;
			buildActionMask = 2147483647;
			files = (
				4071797C24433DD9002D9AB9 /* ViewController.swift in Sources */,
				4071797824433DD9002D9AB9 /* AppDelegate.swift in Sources */,
				4071797A24433DD9002D9AB9 /* SceneDelegate.swift in Sources */,
			);
			runOnlyForDeploymentPostprocessing = 0;
		};
		4071798624433DDE002D9AB9 /* Sources */ = {
			isa = PBXSourcesBuildPhase;
			buildActionMask = 2147483647;
			files = (
				4071798F24433DDE002D9AB9 /* popView2Tests.swift in Sources */,
			);
			runOnlyForDeploymentPostprocessing = 0;
		};
		4071799124433DDE002D9AB9 /* Sources */ = {
			isa = PBXSourcesBuildPhase;
			buildActionMask = 2147483647;
			files = (
				4071799A24433DDE002D9AB9 /* popView2UITests.swift in Sources */,
			);
			runOnlyForDeploymentPostprocessing = 0;
		};
/* End PBXSourcesBuildPhase section */

/* Begin PBXTargetDependency section */
		4071798C24433DDE002D9AB9 /* PBXTargetDependency */ = {
			isa = PBXTargetDependency;
			target = 4071797324433DD9002D9AB9 /* popView2 */;
			targetProxy = 4071798B24433DDE002D9AB9 /* PBXContainerItemProxy */;
		};
		4071799724433DDE002D9AB9 /* PBXTargetDependency */ = {
			isa = PBXTargetDependency;
			target = 4071797324433DD9002D9AB9 /* popView2 */;
			targetProxy = 4071799624433DDE002D9AB9 /* PBXContainerItemProxy */;
		};
/* End PBXTargetDependency section */

/* Begin PBXVariantGroup section */
		4071797D24433DD9002D9AB9 /* Main.storyboard */ = {
			isa = PBXVariantGroup;
			children = (
				4071797E24433DD9002D9AB9 /* Base */,
			);
			name = Main.storyboard;
			sourceTree = "<group>";
		};
		4071798224433DDE002D9AB9 /* LaunchScreen.storyboard */ = {
			isa = PBXVariantGroup;
			children = (
				4071798324433DDE002D9AB9 /* Base */,
			);
			name = LaunchScreen.storyboard;
			sourceTree = "<group>";
		};
/* End PBXVariantGroup section */

/* Begin XCBuildConfiguration section */
		4071799C24433DDE002D9AB9 /* Debug */ = {
			isa = XCBuildConfiguration;
			buildSettings = {
				ALWAYS_SEARCH_USER_PATHS = NO;
				CLANG_ANALYZER_NONNULL = YES;
				CLANG_ANALYZER_NUMBER_OBJECT_CONVERSION = YES_AGGRESSIVE;
				CLANG_CXX_LANGUAGE_STANDARD = "gnu++14";
				CLANG_CXX_LIBRARY = "libc++";
				CLANG_ENABLE_MODULES = YES;
				CLANG_ENABLE_OBJC_ARC = YES;
				CLANG_ENABLE_OBJC_WEAK = YES;
				CLANG_WARN_BLOCK_CAPTURE_AUTORELEASING = YES;
				CLANG_WARN_BOOL_CONVERSION = YES;
				CLANG_WARN_COMMA = YES;
				CLANG_WARN_CONSTANT_CONVERSION = YES;
				CLANG_WARN_DEPRECATED_OBJC_IMPLEMENTATIONS = YES;
				CLANG_WARN_DIRECT_OBJC_ISA_USAGE = YES_ERROR;
				CLANG_WARN_DOCUMENTATION_COMMENTS = YES;
				CLANG_WARN_EMPTY_BODY = YES;
				CLANG_WARN_ENUM_CONVERSION = YES;
				CLANG_WARN_INFINITE_RECURSION = YES;
				CLANG_WARN_INT_CONVERSION = YES;
				CLANG_WARN_NON_LITERAL_NULL_CONVERSION = YES;
				CLANG_WARN_OBJC_IMPLICIT_RETAIN_SELF = YES;
				CLANG_WARN_OBJC_LITERAL_CONVERSION = YES;
				CLANG_WARN_OBJC_ROOT_CLASS = YES_ERROR;
				CLANG_WARN_RANGE_LOOP_ANALYSIS = YES;
				CLANG_WARN_STRICT_PROTOTYPES = YES;
				CLANG_WARN_SUSPICIOUS_MOVE = YES;
				CLANG_WARN_UNGUARDED_AVAILABILITY = YES_AGGRESSIVE;
				CLANG_WARN_UNREACHABLE_CODE = YES;
				CLANG_WARN__DUPLICATE_METHOD_MATCH = YES;
				COPY_PHASE_STRIP = NO;
				DEBUG_INFORMATION_FORMAT = dwarf;
				ENABLE_STRICT_OBJC_MSGSEND = YES;
				ENABLE_TESTABILITY = YES;
				GCC_C_LANGUAGE_STANDARD = gnu11;
				GCC_DYNAMIC_NO_PIC = NO;
				GCC_NO_COMMON_BLOCKS = YES;
				GCC_OPTIMIZATION_LEVEL = 0;
				GCC_PREPROCESSOR_DEFINITIONS = (
					"DEBUG=1",
					"$(inherited)",
				);
				GCC_WARN_64_TO_32_BIT_CONVERSION = YES;
				GCC_WARN_ABOUT_RETURN_TYPE = YES_ERROR;
				GCC_WARN_UNDECLARED_SELECTOR = YES;
				GCC_WARN_UNINITIALIZED_AUTOS = YES_AGGRESSIVE;
				GCC_WARN_UNUSED_FUNCTION = YES;
				GCC_WARN_UNUSED_VARIABLE = YES;
				IPHONEOS_DEPLOYMENT_TARGET = 13.2;
				MTL_ENABLE_DEBUG_INFO = INCLUDE_SOURCE;
				MTL_FAST_MATH = YES;
				ONLY_ACTIVE_ARCH = YES;
				SDKROOT = iphoneos;
				SWIFT_ACTIVE_COMPILATION_CONDITIONS = DEBUG;
				SWIFT_OPTIMIZATION_LEVEL = "-Onone";
			};
			name = Debug;
		};
		4071799D24433DDE002D9AB9 /* Release */ = {
			isa = XCBuildConfiguration;
			buildSettings = {
				ALWAYS_SEARCH_USER_PATHS = NO;
				CLANG_ANALYZER_NONNULL = YES;
				CLANG_ANALYZER_NUMBER_OBJECT_CONVERSION = YES_AGGRESSIVE;
				CLANG_CXX_LANGUAGE_STANDARD = "gnu++14";
				CLANG_CXX_LIBRARY = "libc++";
				CLANG_ENABLE_MODULES = YES;
				CLANG_ENABLE_OBJC_ARC = YES;
				CLANG_ENABLE_OBJC_WEAK = YES;
				CLANG_WARN_BLOCK_CAPTURE_AUTORELEASING = YES;
				CLANG_WARN_BOOL_CONVERSION = YES;
				CLANG_WARN_COMMA = YES;
				CLANG_WARN_CONSTANT_CONVERSION = YES;
				CLANG_WARN_DEPRECATED_OBJC_IMPLEMENTATIONS = YES;
				CLANG_WARN_DIRECT_OBJC_ISA_USAGE = YES_ERROR;
				CLANG_WARN_DOCUMENTATION_COMMENTS = YES;
				CLANG_WARN_EMPTY_BODY = YES;
				CLANG_WARN_ENUM_CONVERSION = YES;
				CLANG_WARN_INFINITE_RECURSION = YES;
				CLANG_WARN_INT_CONVERSION = YES;
				CLANG_WARN_NON_LITERAL_NULL_CONVERSION = YES;
				CLANG_WARN_OBJC_IMPLICIT_RETAIN_SELF = YES;
				CLANG_WARN_OBJC_LITERAL_CONVERSION = YES;
				CLANG_WARN_OBJC_ROOT_CLASS = YES_ERROR;
				CLANG_WARN_RANGE_LOOP_ANALYSIS = YES;
				CLANG_WARN_STRICT_PROTOTYPES = YES;
				CLANG_WARN_SUSPICIOUS_MOVE = YES;
				CLANG_WARN_UNGUARDED_AVAILABILITY = YES_AGGRESSIVE;
				CLANG_WARN_UNREACHABLE_CODE = YES;
				CLANG_WARN__DUPLICATE_METHOD_MATCH = YES;
				COPY_PHASE_STRIP = NO;
				DEBUG_INFORMATION_FORMAT = "dwarf-with-dsym";
				ENABLE_NS_ASSERTIONS = NO;
				ENABLE_STRICT_OBJC_MSGSEND = YES;
				GCC_C_LANGUAGE_STANDARD = gnu11;
				GCC_NO_COMMON_BLOCKS = YES;
				GCC_WARN_64_TO_32_BIT_CONVERSION = YES;
				GCC_WARN_ABOUT_RETURN_TYPE = YES_ERROR;
				GCC_WARN_UNDECLARED_SELECTOR = YES;
				GCC_WARN_UNINITIALIZED_AUTOS = YES_AGGRESSIVE;
				GCC_WARN_UNUSED_FUNCTION = YES;
				GCC_WARN_UNUSED_VARIABLE = YES;
				IPHONEOS_DEPLOYMENT_TARGET = 13.2;
				MTL_ENABLE_DEBUG_INFO = NO;
				MTL_FAST_MATH = YES;
				SDKROOT = iphoneos;
				SWIFT_COMPILATION_MODE = wholemodule;
				SWIFT_OPTIMIZATION_LEVEL = "-O";
				VALIDATE_PRODUCT = YES;
			};
			name = Release;
		};
		4071799F24433DDE002D9AB9 /* Debug */ = {
			isa = XCBuildConfiguration;
			buildSettings = {
				ASSETCATALOG_COMPILER_APPICON_NAME = AppIcon;
				CODE_SIGN_STYLE = Automatic;
				INFOPLIST_FILE = popView2/Info.plist;
				LD_RUNPATH_SEARCH_PATHS = (
					"$(inherited)",
					"@executable_path/Frameworks",
				);
				PRODUCT_BUNDLE_IDENTIFIER = com.wlfggg.popView2;
				PRODUCT_NAME = "$(TARGET_NAME)";
				SWIFT_VERSION = 5.0;
				TARGETED_DEVICE_FAMILY = "1,2";
			};
			name = Debug;
		};
		407179A024433DDE002D9AB9 /* Release */ = {
			isa = XCBuildConfiguration;
			buildSettings = {
				ASSETCATALOG_COMPILER_APPICON_NAME = AppIcon;
				CODE_SIGN_STYLE = Automatic;
				INFOPLIST_FILE = popView2/Info.plist;
				LD_RUNPATH_SEARCH_PATHS = (
					"$(inherited)",
					"@executable_path/Frameworks",
				);
				PRODUCT_BUNDLE_IDENTIFIER = com.wlfggg.popView2;
				PRODUCT_NAME = "$(TARGET_NAME)";
				SWIFT_VERSION = 5.0;
				TARGETED_DEVICE_FAMILY = "1,2";
			};
			name = Release;
		};
		407179A224433DDE002D9AB9 /* Debug */ = {
			isa = XCBuildConfiguration;
			buildSettings = {
				ALWAYS_EMBED_SWIFT_STANDARD_LIBRARIES = YES;
				BUNDLE_LOADER = "$(TEST_HOST)";
				CODE_SIGN_STYLE = Automatic;
				INFOPLIST_FILE = popView2Tests/Info.plist;
				IPHONEOS_DEPLOYMENT_TARGET = 13.2;
				LD_RUNPATH_SEARCH_PATHS = (
					"$(inherited)",
					"@executable_path/Frameworks",
					"@loader_path/Frameworks",
				);
				PRODUCT_BUNDLE_IDENTIFIER = com.wlfggg.popView2Tests;
				PRODUCT_NAME = "$(TARGET_NAME)";
				SWIFT_VERSION = 5.0;
				TARGETED_DEVICE_FAMILY = "1,2";
				TEST_HOST = "$(BUILT_PRODUCTS_DIR)/popView2.app/popView2";
			};
			name = Debug;
		};
		407179A324433DDE002D9AB9 /* Release */ = {
			isa = XCBuildConfiguration;
			buildSettings = {
				ALWAYS_EMBED_SWIFT_STANDARD_LIBRARIES = YES;
				BUNDLE_LOADER = "$(TEST_HOST)";
				CODE_SIGN_STYLE = Automatic;
				INFOPLIST_FILE = popView2Tests/Info.plist;
				IPHONEOS_DEPLOYMENT_TARGET = 13.2;
				LD_RUNPATH_SEARCH_PATHS = (
					"$(inherited)",
					"@executable_path/Frameworks",
					"@loader_path/Frameworks",
				);
				PRODUCT_BUNDLE_IDENTIFIER = com.wlfggg.popView2Tests;
				PRODUCT_NAME = "$(TARGET_NAME)";
				SWIFT_VERSION = 5.0;
				TARGETED_DEVICE_FAMILY = "1,2";
				TEST_HOST = "$(BUILT_PRODUCTS_DIR)/popView2.app/popView2";
			};
			name = Release;
		};
		407179A524433DDE002D9AB9 /* Debug */ = {
			isa = XCBuildConfiguration;
			buildSettings = {
				ALWAYS_EMBED_SWIFT_STANDARD_LIBRARIES = YES;
				CODE_SIGN_STYLE = Automatic;
				INFOPLIST_FILE = popView2UITests/Info.plist;
				LD_RUNPATH_SEARCH_PATHS = (
					"$(inherited)",
					"@executable_path/Frameworks",
					"@loader_path/Frameworks",
				);
				PRODUCT_BUNDLE_IDENTIFIER = com.wlfggg.popView2UITests;
				PRODUCT_NAME = "$(TARGET_NAME)";
				SWIFT_VERSION = 5.0;
				TARGETED_DEVICE_FAMILY = "1,2";
				TEST_TARGET_NAME = popView2;
			};
			name = Debug;
		};
		407179A624433DDE002D9AB9 /* Release */ = {
			isa = XCBuildConfiguration;
			buildSettings = {
				ALWAYS_EMBED_SWIFT_STANDARD_LIBRARIES = YES;
				CODE_SIGN_STYLE = Automatic;
				INFOPLIST_FILE = popView2UITests/Info.plist;
				LD_RUNPATH_SEARCH_PATHS = (
					"$(inherited)",
					"@executable_path/Frameworks",
					"@loader_path/Frameworks",
				);
				PRODUCT_BUNDLE_IDENTIFIER = com.wlfggg.popView2UITests;
				PRODUCT_NAME = "$(TARGET_NAME)";
				SWIFT_VERSION = 5.0;
				TARGETED_DEVICE_FAMILY = "1,2";
				TEST_TARGET_NAME = popView2;
			};
			name = Release;
		};
/* End XCBuildConfiguration section */

/* Begin XCConfigurationList section */
		4071796F24433DD9002D9AB9 /* Build configuration list for PBXProject "popView2" */ = {
			isa = XCConfigurationList;
			buildConfigurations = (
				4071799C24433DDE002D9AB9 /* Debug */,
				4071799D24433DDE002D9AB9 /* Release */,
			);
			defaultConfigurationIsVisible = 0;
			defaultConfigurationName = Release;
		};
		4071799E24433DDE002D9AB9 /* Build configuration list for PBXNativeTarget "popView2" */ = {
			isa = XCConfigurationList;
			buildConfigurations = (
				4071799F24433DDE002D9AB9 /* Debug */,
				407179A024433DDE002D9AB9 /* Release */,
			);
			defaultConfigurationIsVisible = 0;
			defaultConfigurationName = Release;
		};
		407179A124433DDE002D9AB9 /* Build configuration list for PBXNativeTarget "popView2Tests" */ = {
			isa = XCConfigurationList;
			buildConfigurations = (
				407179A224433DDE002D9AB9 /* Debug */,
				407179A324433DDE002D9AB9 /* Release */,
			);
			defaultConfigurationIsVisible = 0;
			defaultConfigurationName = Release;
		};
		407179A424433DDE002D9AB9 /* Build configuration list for PBXNativeTarget "popView2UITests" */ = {
			isa = XCConfigurationList;
			buildConfigurations = (
				407179A524433DDE002D9AB9 /* Debug */,
				407179A624433DDE002D9AB9 /* Release */,
			);
			defaultConfigurationIsVisible = 0;
			defaultConfigurationName = Release;
		};
/* End XCConfigurationList section */
	};
	rootObject = 4071796C24433DD9002D9AB9 /* Project object */;
}
